// !$*UTF8*$!
{
	archiveVersion = 1;
	classes = {
	};
	objectVersion = 70;
	objects = {

/* Begin PBXBuildFile section */
		BC12CB172C814E4500473C6B /* generateSpacedReminders.swift in Sources */ = {isa = PBXBuildFile; fileRef = BC12CB162C814E4500473C6B /* generateSpacedReminders.swift */; };
		BC2C062B2BF937E400AD85F5 /* MagicBox.swift in Sources */ = {isa = PBXBuildFile; fileRef = BC2C062A2BF937E400AD85F5 /* MagicBox.swift */; };
		BC31B2292C5FF1F700548F7E /* Reminder.swift in Sources */ = {isa = PBXBuildFile; fileRef = BC31B2282C5FF1F700548F7E /* Reminder.swift */; };
		BC39F06B2C6567850019BB7F /* listOfTasksView.swift in Sources */ = {isa = PBXBuildFile; fileRef = BC39F06A2C6567850019BB7F /* listOfTasksView.swift */; };
		BC39F06D2C6567930019BB7F /* listOfRemindersView.swift in Sources */ = {isa = PBXBuildFile; fileRef = BC39F06C2C6567930019BB7F /* listOfRemindersView.swift */; };
		BC39F06F2C6578B60019BB7F /* createNewTaskView.swift in Sources */ = {isa = PBXBuildFile; fileRef = BC39F06E2C6578B60019BB7F /* createNewTaskView.swift */; };
		BC39F0712C65820E0019BB7F /* createNewReminderView.swift in Sources */ = {isa = PBXBuildFile; fileRef = BC39F0702C65820E0019BB7F /* createNewReminderView.swift */; };
		BC39F0772C65C3820019BB7F /* viewTaskView.swift in Sources */ = {isa = PBXBuildFile; fileRef = BC39F0762C65C3820019BB7F /* viewTaskView.swift */; };
		BC5BCC2A2D1A3129008A3E7A /* ImprovedTextEditor.swift in Sources */ = {isa = PBXBuildFile; fileRef = BC5BCC292D1A3129008A3E7A /* ImprovedTextEditor.swift */; };
		BC628D612C6AF3AE00D75E37 /* More.swift in Sources */ = {isa = PBXBuildFile; fileRef = BC628D602C6AF3AE00D75E37 /* More.swift */; };
		BC628D642C6AF5C300D75E37 /* syncing.swift in Sources */ = {isa = PBXBuildFile; fileRef = BC628D632C6AF5C300D75E37 /* syncing.swift */; };
		BC628D662C6B04F300D75E37 /* cleanUpSpam.swift in Sources */ = {isa = PBXBuildFile; fileRef = BC628D652C6B04F300D75E37 /* cleanUpSpam.swift */; };
		BC628E842C6C234800D75E37 /* LocalNotificationManager.swift in Sources */ = {isa = PBXBuildFile; fileRef = BC628E832C6C234800D75E37 /* LocalNotificationManager.swift */; };
		BC628E872C6C235900D75E37 /* LocalNotification.swift in Sources */ = {isa = PBXBuildFile; fileRef = BC628E862C6C235900D75E37 /* LocalNotification.swift */; };
		BC628E8B2C6C283B00D75E37 /* NextView.swift in Sources */ = {isa = PBXBuildFile; fileRef = BC628E8A2C6C283B00D75E37 /* NextView.swift */; };
		BC628E8D2C6C2B6C00D75E37 /* suggestedActions .swift in Sources */ = {isa = PBXBuildFile; fileRef = BC628E8C2C6C2B6C00D75E37 /* suggestedActions .swift */; };
		BC628E8F2C6C2C5500D75E37 /* ContentViewWrapper.swift in Sources */ = {isa = PBXBuildFile; fileRef = BC628E8E2C6C2C5500D75E37 /* ContentViewWrapper.swift */; };
		BC75A5B42D25D7C800F8DBCF /* OnboardingHolderView.swift in Sources */ = {isa = PBXBuildFile; fileRef = BC75A5B32D25D7C800F8DBCF /* OnboardingHolderView.swift */; };
		BC75A5B62D25D83700F8DBCF /* Screen 1.swift in Sources */ = {isa = PBXBuildFile; fileRef = BC75A5B52D25D83700F8DBCF /* Screen 1.swift */; };
		BC75A5B82D25D95400F8DBCF /* Screen 2.swift in Sources */ = {isa = PBXBuildFile; fileRef = BC75A5B72D25D95400F8DBCF /* Screen 2.swift */; };
		BC75A5BA2D25D98300F8DBCF /* Screen 3.swift in Sources */ = {isa = PBXBuildFile; fileRef = BC75A5B92D25D98300F8DBCF /* Screen 3.swift */; };
		BC75A5C02D25DA0200F8DBCF /* Screen 6.swift in Sources */ = {isa = PBXBuildFile; fileRef = BC75A5BF2D25DA0200F8DBCF /* Screen 6.swift */; };
		BC75A5C22D25DA1600F8DBCF /* Screen 7.swift in Sources */ = {isa = PBXBuildFile; fileRef = BC75A5C12D25DA1600F8DBCF /* Screen 7.swift */; };
		BC75A5C62D25DC2500F8DBCF /* Screen 8.swift in Sources */ = {isa = PBXBuildFile; fileRef = BC75A5C52D25DC2500F8DBCF /* Screen 8.swift */; };
		BC7FBE7C2BDEFE300027A00C /* ReminderApp.swift in Sources */ = {isa = PBXBuildFile; fileRef = BC7FBE7B2BDEFE300027A00C /* ReminderApp.swift */; };
		BC7FBE802BDEFE320027A00C /* Assets.xcassets in Resources */ = {isa = PBXBuildFile; fileRef = BC7FBE7F2BDEFE320027A00C /* Assets.xcassets */; };
		BC7FBE842BDEFE320027A00C /* Preview Assets.xcassets in Resources */ = {isa = PBXBuildFile; fileRef = BC7FBE832BDEFE320027A00C /* Preview Assets.xcassets */; };
		BC7FBE9E2BDEFE710027A00C /* Alarm.swift in Sources */ = {isa = PBXBuildFile; fileRef = BC7FBE8C2BDEFE710027A00C /* Alarm.swift */; };
		BC7FBEA02BDEFE710027A00C /* CalendarICS.swift in Sources */ = {isa = PBXBuildFile; fileRef = BC7FBE8E2BDEFE710027A00C /* CalendarICS.swift */; };
		BC7FBEA12BDEFE710027A00C /* CalendarComponent.swift in Sources */ = {isa = PBXBuildFile; fileRef = BC7FBE8F2BDEFE710027A00C /* CalendarComponent.swift */; };
		BC7FBEA22BDEFE710027A00C /* ContentView.swift in Sources */ = {isa = PBXBuildFile; fileRef = BC7FBE902BDEFE710027A00C /* ContentView.swift */; };
		BC7FBEA32BDEFE710027A00C /* Date.swift in Sources */ = {isa = PBXBuildFile; fileRef = BC7FBE912BDEFE710027A00C /* Date.swift */; };
		BC7FBEA52BDEFE710027A00C /* Event.swift in Sources */ = {isa = PBXBuildFile; fileRef = BC7FBE932BDEFE710027A00C /* Event.swift */; };
		BC7FBEA62BDEFE710027A00C /* iCal.swift in Sources */ = {isa = PBXBuildFile; fileRef = BC7FBE942BDEFE710027A00C /* iCal.swift */; };
		BC7FBEA72BDEFE710027A00C /* iCalError.swift in Sources */ = {isa = PBXBuildFile; fileRef = BC7FBE952BDEFE710027A00C /* iCalError.swift */; };
		BC7FBEA92BDEFE710027A00C /* IcsElement.swift in Sources */ = {isa = PBXBuildFile; fileRef = BC7FBE982BDEFE710027A00C /* IcsElement.swift */; };
		BC7FBEAA2BDEFE710027A00C /* Parser.swift in Sources */ = {isa = PBXBuildFile; fileRef = BC7FBE992BDEFE710027A00C /* Parser.swift */; };
		BC7FBEAC2BDEFE710027A00C /* String.swift in Sources */ = {isa = PBXBuildFile; fileRef = BC7FBE9B2BDEFE710027A00C /* String.swift */; };
		BC7FBEAF2BDF00EF0027A00C /* TaskObject.swift in Sources */ = {isa = PBXBuildFile; fileRef = BC7FBEAE2BDF00EF0027A00C /* TaskObject.swift */; };
		BC8FEA6C2D1508A60081EF20 /* ReminderOrTaskListObject.swift in Sources */ = {isa = PBXBuildFile; fileRef = BC8FEA6B2D1508A60081EF20 /* ReminderOrTaskListObject.swift */; };
		BCB55E672C7D161E00150A93 /* deleteListOfTasks.swift in Sources */ = {isa = PBXBuildFile; fileRef = BCB55E662C7D161E00150A93 /* deleteListOfTasks.swift */; };
		BCB55E692C7D18C900150A93 /* ViewModel.swift in Sources */ = {isa = PBXBuildFile; fileRef = BCB55E682C7D18C900150A93 /* ViewModel.swift */; };
		BCBBCC822D0F19A000B4FE3E /* plusButton.swift in Sources */ = {isa = PBXBuildFile; fileRef = BCBBCC812D0F19A000B4FE3E /* plusButton.swift */; };
		BCC0D30D2D1DD63A0072A6FB /* Vortex in Frameworks */ = {isa = PBXBuildFile; productRef = BCC0D30C2D1DD63A0072A6FB /* Vortex */; };
		BCC0D3132D1E0B470072A6FB /* ListViewDateFormatter.swift in Sources */ = {isa = PBXBuildFile; fileRef = BCC0D3122D1E0B470072A6FB /* ListViewDateFormatter.swift */; };
		BCC0D3152D1E183F0072A6FB /* ReminderFilter.swift in Sources */ = {isa = PBXBuildFile; fileRef = BCC0D3142D1E183F0072A6FB /* ReminderFilter.swift */; };
		BCC0D3512D1F338F0072A6FB /* completion.mp3 in Resources */ = {isa = PBXBuildFile; fileRef = BCC0D3502D1F338F0072A6FB /* completion.mp3 */; };
		BCD8AEB22D135934002D98AA /* README.md in Resources */ = {isa = PBXBuildFile; fileRef = BCD8AEB12D135934002D98AA /* README.md */; };
		BCED31932DE670060034A92C /* Screen 5.swift in Sources */ = {isa = PBXBuildFile; fileRef = BCED31922DE670060034A92C /* Screen 5.swift */; };
		BCEE6B0D2C68683A0090E274 /* viewReminderView.swift in Sources */ = {isa = PBXBuildFile; fileRef = BCEE6B0C2C68683A0090E274 /* viewReminderView.swift */; };
		BCEE6B112C6909600090E274 /* Settings1.swift in Sources */ = {isa = PBXBuildFile; fileRef = BCEE6B102C6909600090E274 /* Settings1.swift */; };
		BCFFED1D2D21F6B20044DE7C /* Delay.swift in Sources */ = {isa = PBXBuildFile; fileRef = BCFFED1C2D21F6B20044DE7C /* Delay.swift */; };
/* End PBXBuildFile section */

/* Begin PBXContainerItemProxy section */
		BCD8AEBF2D136711002D98AA /* PBXContainerItemProxy */ = {
			isa = PBXContainerItemProxy;
			containerPortal = BC7FBE702BDEFE300027A00C /* Project object */;
			proxyType = 1;
			remoteGlobalIDString = BC7FBE772BDEFE300027A00C;
			remoteInfo = "Task Forge";
		};
/* End PBXContainerItemProxy section */

/* Begin PBXFileReference section */
		BC12CB142C80169A00473C6B /* CloudKit.framework */ = {isa = PBXFileReference; lastKnownFileType = wrapper.framework; name = CloudKit.framework; path = Platforms/iPhoneOS.platform/Developer/SDKs/iPhoneOS17.5.sdk/System/Library/Frameworks/CloudKit.framework; sourceTree = DEVELOPER_DIR; };
		BC12CB162C814E4500473C6B /* generateSpacedReminders.swift */ = {isa = PBXFileReference; lastKnownFileType = sourcecode.swift; path = generateSpacedReminders.swift; sourceTree = "<group>"; };
		BC2C062A2BF937E400AD85F5 /* MagicBox.swift */ = {isa = PBXFileReference; lastKnownFileType = sourcecode.swift; path = MagicBox.swift; sourceTree = "<group>"; };
		BC31B2282C5FF1F700548F7E /* Reminder.swift */ = {isa = PBXFileReference; lastKnownFileType = sourcecode.swift; path = Reminder.swift; sourceTree = "<group>"; };
		BC39F06A2C6567850019BB7F /* listOfTasksView.swift */ = {isa = PBXFileReference; lastKnownFileType = sourcecode.swift; path = listOfTasksView.swift; sourceTree = "<group>"; };
		BC39F06C2C6567930019BB7F /* listOfRemindersView.swift */ = {isa = PBXFileReference; lastKnownFileType = sourcecode.swift; path = listOfRemindersView.swift; sourceTree = "<group>"; };
		BC39F06E2C6578B60019BB7F /* createNewTaskView.swift */ = {isa = PBXFileReference; lastKnownFileType = sourcecode.swift; path = createNewTaskView.swift; sourceTree = "<group>"; };
		BC39F0702C65820E0019BB7F /* createNewReminderView.swift */ = {isa = PBXFileReference; lastKnownFileType = sourcecode.swift; path = createNewReminderView.swift; sourceTree = "<group>"; };
		BC39F0762C65C3820019BB7F /* viewTaskView.swift */ = {isa = PBXFileReference; lastKnownFileType = sourcecode.swift; path = viewTaskView.swift; sourceTree = "<group>"; };
		BC5BCC292D1A3129008A3E7A /* ImprovedTextEditor.swift */ = {isa = PBXFileReference; lastKnownFileType = sourcecode.swift; path = ImprovedTextEditor.swift; sourceTree = "<group>"; };
		BC628D602C6AF3AE00D75E37 /* More.swift */ = {isa = PBXFileReference; lastKnownFileType = sourcecode.swift; path = More.swift; sourceTree = "<group>"; };
		BC628D632C6AF5C300D75E37 /* syncing.swift */ = {isa = PBXFileReference; lastKnownFileType = sourcecode.swift; path = syncing.swift; sourceTree = "<group>"; };
		BC628D652C6B04F300D75E37 /* cleanUpSpam.swift */ = {isa = PBXFileReference; lastKnownFileType = sourcecode.swift; path = cleanUpSpam.swift; sourceTree = "<group>"; };
		BC628E832C6C234800D75E37 /* LocalNotificationManager.swift */ = {isa = PBXFileReference; fileEncoding = 4; lastKnownFileType = sourcecode.swift; path = LocalNotificationManager.swift; sourceTree = "<group>"; };
		BC628E862C6C235900D75E37 /* LocalNotification.swift */ = {isa = PBXFileReference; fileEncoding = 4; lastKnownFileType = sourcecode.swift; path = LocalNotification.swift; sourceTree = "<group>"; };
		BC628E8A2C6C283B00D75E37 /* NextView.swift */ = {isa = PBXFileReference; lastKnownFileType = sourcecode.swift; path = NextView.swift; sourceTree = "<group>"; };
		BC628E8C2C6C2B6C00D75E37 /* suggestedActions .swift */ = {isa = PBXFileReference; lastKnownFileType = sourcecode.swift; path = "suggestedActions .swift"; sourceTree = "<group>"; };
		BC628E8E2C6C2C5500D75E37 /* ContentViewWrapper.swift */ = {isa = PBXFileReference; lastKnownFileType = sourcecode.swift; path = ContentViewWrapper.swift; sourceTree = "<group>"; };
		BC75A5B32D25D7C800F8DBCF /* OnboardingHolderView.swift */ = {isa = PBXFileReference; lastKnownFileType = sourcecode.swift; path = OnboardingHolderView.swift; sourceTree = "<group>"; };
		BC75A5B52D25D83700F8DBCF /* Screen 1.swift */ = {isa = PBXFileReference; lastKnownFileType = sourcecode.swift; path = "Screen 1.swift"; sourceTree = "<group>"; };
		BC75A5B72D25D95400F8DBCF /* Screen 2.swift */ = {isa = PBXFileReference; lastKnownFileType = sourcecode.swift; path = "Screen 2.swift"; sourceTree = "<group>"; };
		BC75A5B92D25D98300F8DBCF /* Screen 3.swift */ = {isa = PBXFileReference; lastKnownFileType = sourcecode.swift; path = "Screen 3.swift"; sourceTree = "<group>"; };
		BC75A5BF2D25DA0200F8DBCF /* Screen 6.swift */ = {isa = PBXFileReference; lastKnownFileType = sourcecode.swift; path = "Screen 6.swift"; sourceTree = "<group>"; };
		BC75A5C12D25DA1600F8DBCF /* Screen 7.swift */ = {isa = PBXFileReference; lastKnownFileType = sourcecode.swift; path = "Screen 7.swift"; sourceTree = "<group>"; };
		BC75A5C52D25DC2500F8DBCF /* Screen 8.swift */ = {isa = PBXFileReference; lastKnownFileType = sourcecode.swift; path = "Screen 8.swift"; sourceTree = "<group>"; };
		BC7FBE782BDEFE300027A00C /* Task Forge.app */ = {isa = PBXFileReference; explicitFileType = wrapper.application; includeInIndex = 0; path = "Task Forge.app"; sourceTree = BUILT_PRODUCTS_DIR; };
		BC7FBE7B2BDEFE300027A00C /* ReminderApp.swift */ = {isa = PBXFileReference; lastKnownFileType = sourcecode.swift; path = ReminderApp.swift; sourceTree = "<group>"; };
		BC7FBE7F2BDEFE320027A00C /* Assets.xcassets */ = {isa = PBXFileReference; lastKnownFileType = folder.assetcatalog; path = Assets.xcassets; sourceTree = "<group>"; };
		BC7FBE812BDEFE320027A00C /* Reminder.entitlements */ = {isa = PBXFileReference; lastKnownFileType = text.plist.entitlements; path = Reminder.entitlements; sourceTree = "<group>"; };
		BC7FBE832BDEFE320027A00C /* Preview Assets.xcassets */ = {isa = PBXFileReference; lastKnownFileType = folder.assetcatalog; path = "Preview Assets.xcassets"; sourceTree = "<group>"; };
		BC7FBE8C2BDEFE710027A00C /* Alarm.swift */ = {isa = PBXFileReference; fileEncoding = 4; lastKnownFileType = sourcecode.swift; path = Alarm.swift; sourceTree = "<group>"; };
		BC7FBE8E2BDEFE710027A00C /* CalendarICS.swift */ = {isa = PBXFileReference; fileEncoding = 4; lastKnownFileType = sourcecode.swift; path = CalendarICS.swift; sourceTree = "<group>"; };
		BC7FBE8F2BDEFE710027A00C /* CalendarComponent.swift */ = {isa = PBXFileReference; fileEncoding = 4; lastKnownFileType = sourcecode.swift; path = CalendarComponent.swift; sourceTree = "<group>"; };
		BC7FBE902BDEFE710027A00C /* ContentView.swift */ = {isa = PBXFileReference; fileEncoding = 4; lastKnownFileType = sourcecode.swift; path = ContentView.swift; sourceTree = "<group>"; };
		BC7FBE912BDEFE710027A00C /* Date.swift */ = {isa = PBXFileReference; fileEncoding = 4; lastKnownFileType = sourcecode.swift; path = Date.swift; sourceTree = "<group>"; };
		BC7FBE932BDEFE710027A00C /* Event.swift */ = {isa = PBXFileReference; fileEncoding = 4; lastKnownFileType = sourcecode.swift; path = Event.swift; sourceTree = "<group>"; };
		BC7FBE942BDEFE710027A00C /* iCal.swift */ = {isa = PBXFileReference; fileEncoding = 4; lastKnownFileType = sourcecode.swift; path = iCal.swift; sourceTree = "<group>"; };
		BC7FBE952BDEFE710027A00C /* iCalError.swift */ = {isa = PBXFileReference; fileEncoding = 4; lastKnownFileType = sourcecode.swift; path = iCalError.swift; sourceTree = "<group>"; };
		BC7FBE982BDEFE710027A00C /* IcsElement.swift */ = {isa = PBXFileReference; fileEncoding = 4; lastKnownFileType = sourcecode.swift; path = IcsElement.swift; sourceTree = "<group>"; };
		BC7FBE992BDEFE710027A00C /* Parser.swift */ = {isa = PBXFileReference; fileEncoding = 4; lastKnownFileType = sourcecode.swift; path = Parser.swift; sourceTree = "<group>"; };
		BC7FBE9B2BDEFE710027A00C /* String.swift */ = {isa = PBXFileReference; fileEncoding = 4; lastKnownFileType = sourcecode.swift; path = String.swift; sourceTree = "<group>"; };
		BC7FBEAE2BDF00EF0027A00C /* TaskObject.swift */ = {isa = PBXFileReference; lastKnownFileType = sourcecode.swift; path = TaskObject.swift; sourceTree = "<group>"; };
		BC8FEA6B2D1508A60081EF20 /* ReminderOrTaskListObject.swift */ = {isa = PBXFileReference; lastKnownFileType = sourcecode.swift; path = ReminderOrTaskListObject.swift; sourceTree = "<group>"; };
		BCB55E662C7D161E00150A93 /* deleteListOfTasks.swift */ = {isa = PBXFileReference; lastKnownFileType = sourcecode.swift; path = deleteListOfTasks.swift; sourceTree = "<group>"; };
		BCB55E682C7D18C900150A93 /* ViewModel.swift */ = {isa = PBXFileReference; lastKnownFileType = sourcecode.swift; path = ViewModel.swift; sourceTree = "<group>"; };
		BCB87BC92C6EE07000127E7C /* Task-Forge-Info.plist */ = {isa = PBXFileReference; lastKnownFileType = text.plist; path = "Task-Forge-Info.plist"; sourceTree = "<group>"; };
		BCBBCC812D0F19A000B4FE3E /* plusButton.swift */ = {isa = PBXFileReference; lastKnownFileType = sourcecode.swift; path = plusButton.swift; sourceTree = "<group>"; };
		BCC0D3122D1E0B470072A6FB /* ListViewDateFormatter.swift */ = {isa = PBXFileReference; lastKnownFileType = sourcecode.swift; path = ListViewDateFormatter.swift; sourceTree = "<group>"; };
		BCC0D3142D1E183F0072A6FB /* ReminderFilter.swift */ = {isa = PBXFileReference; lastKnownFileType = sourcecode.swift; path = ReminderFilter.swift; sourceTree = "<group>"; };
		BCC0D3502D1F338F0072A6FB /* completion.mp3 */ = {isa = PBXFileReference; lastKnownFileType = audio.mp3; path = completion.mp3; sourceTree = "<group>"; };
		BCD8AEB12D135934002D98AA /* README.md */ = {isa = PBXFileReference; lastKnownFileType = net.daringfireball.markdown; path = README.md; sourceTree = "<group>"; };
		BCD8AEBB2D136711002D98AA /* Task Forge Tests.xctest */ = {isa = PBXFileReference; explicitFileType = wrapper.cfbundle; includeInIndex = 0; path = "Task Forge Tests.xctest"; sourceTree = BUILT_PRODUCTS_DIR; };
		BCED31922DE670060034A92C /* Screen 5.swift */ = {isa = PBXFileReference; lastKnownFileType = sourcecode.swift; path = "Screen 5.swift"; sourceTree = "<group>"; };
		BCEE6B0C2C68683A0090E274 /* viewReminderView.swift */ = {isa = PBXFileReference; lastKnownFileType = sourcecode.swift; path = viewReminderView.swift; sourceTree = "<group>"; };
		BCEE6B102C6909600090E274 /* Settings1.swift */ = {isa = PBXFileReference; lastKnownFileType = sourcecode.swift; path = Settings1.swift; sourceTree = "<group>"; };
		BCFFED1C2D21F6B20044DE7C /* Delay.swift */ = {isa = PBXFileReference; lastKnownFileType = sourcecode.swift; path = Delay.swift; sourceTree = "<group>"; };
/* End PBXFileReference section */

/* Begin PBXFileSystemSynchronizedRootGroup section */
		BCD8AEBC2D136711002D98AA /* Task Forge Tests */ = {isa = PBXFileSystemSynchronizedRootGroup; explicitFileTypes = {}; explicitFolders = (); path = "Task Forge Tests"; sourceTree = "<group>"; };
/* End PBXFileSystemSynchronizedRootGroup section */

/* Begin PBXFrameworksBuildPhase section */
		BC7FBE752BDEFE300027A00C /* Frameworks */ = {
			isa = PBXFrameworksBuildPhase;
			buildActionMask = 2147483647;
			files = (
				BCC0D30D2D1DD63A0072A6FB /* Vortex in Frameworks */,
			);
			runOnlyForDeploymentPostprocessing = 0;
		};
		BCD8AEB82D136711002D98AA /* Frameworks */ = {
			isa = PBXFrameworksBuildPhase;
			buildActionMask = 2147483647;
			files = (
			);
			runOnlyForDeploymentPostprocessing = 0;
		};
/* End PBXFrameworksBuildPhase section */

/* Begin PBXGroup section */
		BC12CB132C80169A00473C6B /* Frameworks */ = {
			isa = PBXGroup;
			children = (
				BC12CB142C80169A00473C6B /* CloudKit.framework */,
			);
			name = Frameworks;
			sourceTree = "<group>";
		};
		BC628D622C6AF5B300D75E37 /* More */ = {
			isa = PBXGroup;
			children = (
				BC628D602C6AF3AE00D75E37 /* More.swift */,
				BC628E8C2C6C2B6C00D75E37 /* suggestedActions .swift */,
				BC628D632C6AF5C300D75E37 /* syncing.swift */,
				BC628D652C6B04F300D75E37 /* cleanUpSpam.swift */,
				BCB55E662C7D161E00150A93 /* deleteListOfTasks.swift */,
			);
			path = More;
			sourceTree = "<group>";
		};
		BC628E852C6C234A00D75E37 /* Notifications */ = {
			isa = PBXGroup;
			children = (
				BC628E832C6C234800D75E37 /* LocalNotificationManager.swift */,
				BC628E8A2C6C283B00D75E37 /* NextView.swift */,
				BC628E862C6C235900D75E37 /* LocalNotification.swift */,
			);
			path = Notifications;
			sourceTree = "<group>";
		};
		BC75A5B22D25D7A700F8DBCF /* OnBoarding */ = {
			isa = PBXGroup;
			children = (
				BC75A5B32D25D7C800F8DBCF /* OnboardingHolderView.swift */,
				BC75A5B52D25D83700F8DBCF /* Screen 1.swift */,
				BC75A5B72D25D95400F8DBCF /* Screen 2.swift */,
				BC75A5B92D25D98300F8DBCF /* Screen 3.swift */,
				BCED31922DE670060034A92C /* Screen 5.swift */,
				BC75A5BF2D25DA0200F8DBCF /* Screen 6.swift */,
				BC75A5C12D25DA1600F8DBCF /* Screen 7.swift */,
				BC75A5C52D25DC2500F8DBCF /* Screen 8.swift */,
			);
			path = OnBoarding;
			sourceTree = "<group>";
		};
		BC7FBE6F2BDEFE300027A00C = {
			isa = PBXGroup;
			children = (
				BCB87BC92C6EE07000127E7C /* Task-Forge-Info.plist */,
				BCD8AEB12D135934002D98AA /* README.md */,
				BC7FBE7A2BDEFE300027A00C /* TaskForge */,
				BCD8AEBC2D136711002D98AA /* Task Forge Tests */,
				BC7FBE792BDEFE300027A00C /* Products */,
				BC12CB132C80169A00473C6B /* Frameworks */,
			);
			sourceTree = "<group>";
		};
		BC7FBE792BDEFE300027A00C /* Products */ = {
			isa = PBXGroup;
			children = (
				BC7FBE782BDEFE300027A00C /* Task Forge.app */,
				BCD8AEBB2D136711002D98AA /* Task Forge Tests.xctest */,
			);
			name = Products;
			sourceTree = "<group>";
		};
		BC7FBE7A2BDEFE300027A00C /* TaskForge */ = {
			isa = PBXGroup;
			children = (
				BC5BCC292D1A3129008A3E7A /* ImprovedTextEditor.swift */,
				BCC0D3522D1F33950072A6FB /* Sound Effects */,
				BC8FEA6B2D1508A60081EF20 /* ReminderOrTaskListObject.swift */,
				BCB55E682C7D18C900150A93 /* ViewModel.swift */,
				BC7FBE7B2BDEFE300027A00C /* ReminderApp.swift */,
				BCBBCC812D0F19A000B4FE3E /* plusButton.swift */,
				BCC0D3122D1E0B470072A6FB /* ListViewDateFormatter.swift */,
				BCBBCC7D2D0F10C000B4FE3E /* Reminder Views */,
				BCEE6B102C6909600090E274 /* Settings1.swift */,
				BCFFED1C2D21F6B20044DE7C /* Delay.swift */,
				BC2C062A2BF937E400AD85F5 /* MagicBox.swift */,
				BC7FBEAD2BDEFF1A0027A00C /* ICS Parser */,
				BC7FBE902BDEFE710027A00C /* ContentView.swift */,
				BC628E8E2C6C2C5500D75E37 /* ContentViewWrapper.swift */,
				BCBBCC7E2D0F10D700B4FE3E /* Task Views */,
				BC628E852C6C234A00D75E37 /* Notifications */,
				BCBBCC7F2D0F115800B4FE3E /* Data Store Models */,
				BC7FBE7F2BDEFE320027A00C /* Assets.xcassets */,
				BC7FBE812BDEFE320027A00C /* Reminder.entitlements */,
				BC75A5B22D25D7A700F8DBCF /* OnBoarding */,
				BC628D622C6AF5B300D75E37 /* More */,
				BC7FBE822BDEFE320027A00C /* Preview Content */,
			);
			path = TaskForge;
			sourceTree = "<group>";
		};
		BC7FBE822BDEFE320027A00C /* Preview Content */ = {
			isa = PBXGroup;
			children = (
				BC7FBE832BDEFE320027A00C /* Preview Assets.xcassets */,
			);
			path = "Preview Content";
			sourceTree = "<group>";
		};
		BC7FBEAD2BDEFF1A0027A00C /* ICS Parser */ = {
			isa = PBXGroup;
			children = (
				BC7FBE8C2BDEFE710027A00C /* Alarm.swift */,
				BC7FBE8E2BDEFE710027A00C /* CalendarICS.swift */,
				BC7FBE8F2BDEFE710027A00C /* CalendarComponent.swift */,
				BC7FBE912BDEFE710027A00C /* Date.swift */,
				BC7FBE932BDEFE710027A00C /* Event.swift */,
				BC7FBE942BDEFE710027A00C /* iCal.swift */,
				BC7FBE952BDEFE710027A00C /* iCalError.swift */,
				BC7FBE982BDEFE710027A00C /* IcsElement.swift */,
				BC7FBE992BDEFE710027A00C /* Parser.swift */,
				BC7FBE9B2BDEFE710027A00C /* String.swift */,
			);
			path = "ICS Parser";
			sourceTree = "<group>";
		};
		BCBBCC7D2D0F10C000B4FE3E /* Reminder Views */ = {
			isa = PBXGroup;
			children = (
				BC39F06C2C6567930019BB7F /* listOfRemindersView.swift */,
				BC39F0702C65820E0019BB7F /* createNewReminderView.swift */,
				BCEE6B0C2C68683A0090E274 /* viewReminderView.swift */,
				BCC0D3142D1E183F0072A6FB /* ReminderFilter.swift */,
			);
			path = "Reminder Views";
			sourceTree = "<group>";
		};
		BCBBCC7E2D0F10D700B4FE3E /* Task Views */ = {
			isa = PBXGroup;
			children = (
				BC12CB162C814E4500473C6B /* generateSpacedReminders.swift */,
				BC39F06A2C6567850019BB7F /* listOfTasksView.swift */,
				BC39F0762C65C3820019BB7F /* viewTaskView.swift */,
				BC39F06E2C6578B60019BB7F /* createNewTaskView.swift */,
			);
			path = "Task Views";
			sourceTree = "<group>";
		};
		BCBBCC7F2D0F115800B4FE3E /* Data Store Models */ = {
			isa = PBXGroup;
			children = (
				BC7FBEAE2BDF00EF0027A00C /* TaskObject.swift */,
				BC31B2282C5FF1F700548F7E /* Reminder.swift */,
			);
			path = "Data Store Models";
			sourceTree = "<group>";
		};
		BCC0D3522D1F33950072A6FB /* Sound Effects */ = {
			isa = PBXGroup;
			children = (
				BCC0D3502D1F338F0072A6FB /* completion.mp3 */,
			);
			path = "Sound Effects";
			sourceTree = "<group>";
		};
/* End PBXGroup section */

/* Begin PBXNativeTarget section */
		BC7FBE772BDEFE300027A00C /* Task Forge */ = {
			isa = PBXNativeTarget;
			buildConfigurationList = BC7FBE872BDEFE320027A00C /* Build configuration list for PBXNativeTarget "Task Forge" */;
			buildPhases = (
				BC7FBE742BDEFE300027A00C /* Sources */,
				BC7FBE752BDEFE300027A00C /* Frameworks */,
				BC7FBE762BDEFE300027A00C /* Resources */,
			);
			buildRules = (
			);
			dependencies = (
			);
			name = "Task Forge";
			productName = Reminder;
			productReference = BC7FBE782BDEFE300027A00C /* Task Forge.app */;
			productType = "com.apple.product-type.application";
		};
		BCD8AEBA2D136711002D98AA /* Task Forge Tests */ = {
			isa = PBXNativeTarget;
			buildConfigurationList = BCD8AEC32D136711002D98AA /* Build configuration list for PBXNativeTarget "Task Forge Tests" */;
			buildPhases = (
				BCD8AEB72D136711002D98AA /* Sources */,
				BCD8AEB82D136711002D98AA /* Frameworks */,
				BCD8AEB92D136711002D98AA /* Resources */,
			);
			buildRules = (
			);
			dependencies = (
				BCD8AEC02D136711002D98AA /* PBXTargetDependency */,
			);
			fileSystemSynchronizedGroups = (
				BCD8AEBC2D136711002D98AA /* Task Forge Tests */,
			);
			name = "Task Forge Tests";
			packageProductDependencies = (
			);
			productName = "Task Forge Tests";
			productReference = BCD8AEBB2D136711002D98AA /* Task Forge Tests.xctest */;
			productType = "com.apple.product-type.bundle.unit-test";
		};
/* End PBXNativeTarget section */

/* Begin PBXProject section */
		BC7FBE702BDEFE300027A00C /* Project object */ = {
			isa = PBXProject;
			attributes = {
				BuildIndependentTargetsInParallel = 1;
				LastSwiftUpdateCheck = 1620;
				LastUpgradeCheck = 1540;
				TargetAttributes = {
					BC7FBE772BDEFE300027A00C = {
						CreatedOnToolsVersion = 15.3;
					};
					BCD8AEBA2D136711002D98AA = {
						CreatedOnToolsVersion = 16.2;
						TestTargetID = BC7FBE772BDEFE300027A00C;
					};
				};
			};
			buildConfigurationList = BC7FBE732BDEFE300027A00C /* Build configuration list for PBXProject "Task Forge" */;
			compatibilityVersion = "Xcode 14.0";
			developmentRegion = en;
			hasScannedForEncodings = 0;
			knownRegions = (
				en,
				Base,
			);
			mainGroup = BC7FBE6F2BDEFE300027A00C;
			packageReferences = (
				BCC0D3092D1CBBB20072A6FB /* XCRemoteSwiftPackageReference "Vortex" */,
			);
			productRefGroup = BC7FBE792BDEFE300027A00C /* Products */;
			projectDirPath = "";
			projectRoot = "";
			targets = (
				BC7FBE772BDEFE300027A00C /* Task Forge */,
				BCD8AEBA2D136711002D98AA /* Task Forge Tests */,
			);
		};
/* End PBXProject section */

/* Begin PBXResourcesBuildPhase section */
		BC7FBE762BDEFE300027A00C /* Resources */ = {
			isa = PBXResourcesBuildPhase;
			buildActionMask = 2147483647;
			files = (
				BCD8AEB22D135934002D98AA /* README.md in Resources */,
				BC7FBE842BDEFE320027A00C /* Preview Assets.xcassets in Resources */,
				BCC0D3512D1F338F0072A6FB /* completion.mp3 in Resources */,
				BC7FBE802BDEFE320027A00C /* Assets.xcassets in Resources */,
			);
			runOnlyForDeploymentPostprocessing = 0;
		};
		BCD8AEB92D136711002D98AA /* Resources */ = {
			isa = PBXResourcesBuildPhase;
			buildActionMask = 2147483647;
			files = (
			);
			runOnlyForDeploymentPostprocessing = 0;
		};
/* End PBXResourcesBuildPhase section */

/* Begin PBXSourcesBuildPhase section */
		BC7FBE742BDEFE300027A00C /* Sources */ = {
			isa = PBXSourcesBuildPhase;
			buildActionMask = 2147483647;
			files = (
				BC628E8F2C6C2C5500D75E37 /* ContentViewWrapper.swift in Sources */,
				BC75A5C62D25DC2500F8DBCF /* Screen 8.swift in Sources */,
				BC75A5B42D25D7C800F8DBCF /* OnboardingHolderView.swift in Sources */,
				BC7FBEA72BDEFE710027A00C /* iCalError.swift in Sources */,
				BC7FBEA52BDEFE710027A00C /* Event.swift in Sources */,
				BCB55E692C7D18C900150A93 /* ViewModel.swift in Sources */,
				BC39F06B2C6567850019BB7F /* listOfTasksView.swift in Sources */,
				BCBBCC822D0F19A000B4FE3E /* plusButton.swift in Sources */,
				BC7FBEAF2BDF00EF0027A00C /* TaskObject.swift in Sources */,
				BC7FBEA92BDEFE710027A00C /* IcsElement.swift in Sources */,
				BC628D612C6AF3AE00D75E37 /* More.swift in Sources */,
				BC7FBE7C2BDEFE300027A00C /* ReminderApp.swift in Sources */,
				BC628E8B2C6C283B00D75E37 /* NextView.swift in Sources */,
				BC75A5BA2D25D98300F8DBCF /* Screen 3.swift in Sources */,
				BCC0D3132D1E0B470072A6FB /* ListViewDateFormatter.swift in Sources */,
				BC75A5B62D25D83700F8DBCF /* Screen 1.swift in Sources */,
				BCFFED1D2D21F6B20044DE7C /* Delay.swift in Sources */,
				BC39F06F2C6578B60019BB7F /* createNewTaskView.swift in Sources */,
				BC39F0712C65820E0019BB7F /* createNewReminderView.swift in Sources */,
				BC5BCC2A2D1A3129008A3E7A /* ImprovedTextEditor.swift in Sources */,
				BC75A5C22D25DA1600F8DBCF /* Screen 7.swift in Sources */,
				BCC0D3152D1E183F0072A6FB /* ReminderFilter.swift in Sources */,
				BC75A5B82D25D95400F8DBCF /* Screen 2.swift in Sources */,
				BC7FBEAA2BDEFE710027A00C /* Parser.swift in Sources */,
				BC7FBEA62BDEFE710027A00C /* iCal.swift in Sources */,
				BC7FBEA32BDEFE710027A00C /* Date.swift in Sources */,
				BCB55E672C7D161E00150A93 /* deleteListOfTasks.swift in Sources */,
				BC75A5C02D25DA0200F8DBCF /* Screen 6.swift in Sources */,
				BC8FEA6C2D1508A60081EF20 /* ReminderOrTaskListObject.swift in Sources */,
				BC2C062B2BF937E400AD85F5 /* MagicBox.swift in Sources */,
				BC31B2292C5FF1F700548F7E /* Reminder.swift in Sources */,
				BC7FBEA22BDEFE710027A00C /* ContentView.swift in Sources */,
				BC39F0772C65C3820019BB7F /* viewTaskView.swift in Sources */,
				BC628E842C6C234800D75E37 /* LocalNotificationManager.swift in Sources */,
				BC7FBE9E2BDEFE710027A00C /* Alarm.swift in Sources */,
				BC7FBEA02BDEFE710027A00C /* CalendarICS.swift in Sources */,
				BCEE6B0D2C68683A0090E274 /* viewReminderView.swift in Sources */,
				BC628E8D2C6C2B6C00D75E37 /* suggestedActions .swift in Sources */,
				BCED31932DE670060034A92C /* Screen 5.swift in Sources */,
				BC628D642C6AF5C300D75E37 /* syncing.swift in Sources */,
				BC7FBEA12BDEFE710027A00C /* CalendarComponent.swift in Sources */,
				BC12CB172C814E4500473C6B /* generateSpacedReminders.swift in Sources */,
				BC628D662C6B04F300D75E37 /* cleanUpSpam.swift in Sources */,
				BC628E872C6C235900D75E37 /* LocalNotification.swift in Sources */,
				BC39F06D2C6567930019BB7F /* listOfRemindersView.swift in Sources */,
				BCEE6B112C6909600090E274 /* Settings1.swift in Sources */,
				BC7FBEAC2BDEFE710027A00C /* String.swift in Sources */,
			);
			runOnlyForDeploymentPostprocessing = 0;
		};
		BCD8AEB72D136711002D98AA /* Sources */ = {
			isa = PBXSourcesBuildPhase;
			buildActionMask = 2147483647;
			files = (
			);
			runOnlyForDeploymentPostprocessing = 0;
		};
/* End PBXSourcesBuildPhase section */

/* Begin PBXTargetDependency section */
		BCD8AEC02D136711002D98AA /* PBXTargetDependency */ = {
			isa = PBXTargetDependency;
			target = BC7FBE772BDEFE300027A00C /* Task Forge */;
			targetProxy = BCD8AEBF2D136711002D98AA /* PBXContainerItemProxy */;
		};
/* End PBXTargetDependency section */

/* Begin XCBuildConfiguration section */
		BC7FBE852BDEFE320027A00C /* Debug */ = {
			isa = XCBuildConfiguration;
			buildSettings = {
				ALWAYS_SEARCH_USER_PATHS = NO;
				ASSETCATALOG_COMPILER_GENERATE_SWIFT_ASSET_SYMBOL_EXTENSIONS = YES;
				CLANG_ANALYZER_NONNULL = YES;
				CLANG_ANALYZER_NUMBER_OBJECT_CONVERSION = YES_AGGRESSIVE;
				CLANG_CXX_LANGUAGE_STANDARD = "gnu++20";
				CLANG_ENABLE_MODULES = YES;
				CLANG_ENABLE_OBJC_ARC = YES;
				CLANG_ENABLE_OBJC_WEAK = YES;
				CLANG_WARN_BLOCK_CAPTURE_AUTORELEASING = YES;
				CLANG_WARN_BOOL_CONVERSION = YES;
				CLANG_WARN_COMMA = YES;
				CLANG_WARN_CONSTANT_CONVERSION = YES;
				CLANG_WARN_DEPRECATED_OBJC_IMPLEMENTATIONS = YES;
				CLANG_WARN_DIRECT_OBJC_ISA_USAGE = YES_ERROR;
				CLANG_WARN_DOCUMENTATION_COMMENTS = YES;
				CLANG_WARN_EMPTY_BODY = YES;
				CLANG_WARN_ENUM_CONVERSION = YES;
				CLANG_WARN_INFINITE_RECURSION = YES;
				CLANG_WARN_INT_CONVERSION = YES;
				CLANG_WARN_NON_LITERAL_NULL_CONVERSION = YES;
				CLANG_WARN_OBJC_IMPLICIT_RETAIN_SELF = YES;
				CLANG_WARN_OBJC_LITERAL_CONVERSION = YES;
				CLANG_WARN_OBJC_ROOT_CLASS = YES_ERROR;
				CLANG_WARN_QUOTED_INCLUDE_IN_FRAMEWORK_HEADER = YES;
				CLANG_WARN_RANGE_LOOP_ANALYSIS = YES;
				CLANG_WARN_STRICT_PROTOTYPES = YES;
				CLANG_WARN_SUSPICIOUS_MOVE = YES;
				CLANG_WARN_UNGUARDED_AVAILABILITY = YES_AGGRESSIVE;
				CLANG_WARN_UNREACHABLE_CODE = YES;
				CLANG_WARN__DUPLICATE_METHOD_MATCH = YES;
				COPY_PHASE_STRIP = NO;
				DEAD_CODE_STRIPPING = YES;
				DEBUG_INFORMATION_FORMAT = dwarf;
				ENABLE_STRICT_OBJC_MSGSEND = YES;
				ENABLE_TESTABILITY = YES;
				ENABLE_USER_SCRIPT_SANDBOXING = YES;
				GCC_C_LANGUAGE_STANDARD = gnu17;
				GCC_DYNAMIC_NO_PIC = NO;
				GCC_NO_COMMON_BLOCKS = YES;
				GCC_OPTIMIZATION_LEVEL = 0;
				GCC_PREPROCESSOR_DEFINITIONS = (
					"DEBUG=1",
					"$(inherited)",
				);
				GCC_WARN_64_TO_32_BIT_CONVERSION = YES;
				GCC_WARN_ABOUT_RETURN_TYPE = YES_ERROR;
				GCC_WARN_UNDECLARED_SELECTOR = YES;
				GCC_WARN_UNINITIALIZED_AUTOS = YES_AGGRESSIVE;
				GCC_WARN_UNUSED_FUNCTION = YES;
				GCC_WARN_UNUSED_VARIABLE = YES;
				LOCALIZATION_PREFERS_STRING_CATALOGS = YES;
				MTL_ENABLE_DEBUG_INFO = INCLUDE_SOURCE;
				MTL_FAST_MATH = YES;
				ONLY_ACTIVE_ARCH = YES;
				SWIFT_ACTIVE_COMPILATION_CONDITIONS = "DEBUG $(inherited)";
				SWIFT_OPTIMIZATION_LEVEL = "-Onone";
				SWIFT_STRICT_CONCURRENCY = minimal;
			};
			name = Debug;
		};
		BC7FBE862BDEFE320027A00C /* Release */ = {
			isa = XCBuildConfiguration;
			buildSettings = {
				ALWAYS_SEARCH_USER_PATHS = NO;
				ASSETCATALOG_COMPILER_GENERATE_SWIFT_ASSET_SYMBOL_EXTENSIONS = YES;
				CLANG_ANALYZER_NONNULL = YES;
				CLANG_ANALYZER_NUMBER_OBJECT_CONVERSION = YES_AGGRESSIVE;
				CLANG_CXX_LANGUAGE_STANDARD = "gnu++20";
				CLANG_ENABLE_MODULES = YES;
				CLANG_ENABLE_OBJC_ARC = YES;
				CLANG_ENABLE_OBJC_WEAK = YES;
				CLANG_WARN_BLOCK_CAPTURE_AUTORELEASING = YES;
				CLANG_WARN_BOOL_CONVERSION = YES;
				CLANG_WARN_COMMA = YES;
				CLANG_WARN_CONSTANT_CONVERSION = YES;
				CLANG_WARN_DEPRECATED_OBJC_IMPLEMENTATIONS = YES;
				CLANG_WARN_DIRECT_OBJC_ISA_USAGE = YES_ERROR;
				CLANG_WARN_DOCUMENTATION_COMMENTS = YES;
				CLANG_WARN_EMPTY_BODY = YES;
				CLANG_WARN_ENUM_CONVERSION = YES;
				CLANG_WARN_INFINITE_RECURSION = YES;
				CLANG_WARN_INT_CONVERSION = YES;
				CLANG_WARN_NON_LITERAL_NULL_CONVERSION = YES;
				CLANG_WARN_OBJC_IMPLICIT_RETAIN_SELF = YES;
				CLANG_WARN_OBJC_LITERAL_CONVERSION = YES;
				CLANG_WARN_OBJC_ROOT_CLASS = YES_ERROR;
				CLANG_WARN_QUOTED_INCLUDE_IN_FRAMEWORK_HEADER = YES;
				CLANG_WARN_RANGE_LOOP_ANALYSIS = YES;
				CLANG_WARN_STRICT_PROTOTYPES = YES;
				CLANG_WARN_SUSPICIOUS_MOVE = YES;
				CLANG_WARN_UNGUARDED_AVAILABILITY = YES_AGGRESSIVE;
				CLANG_WARN_UNREACHABLE_CODE = YES;
				CLANG_WARN__DUPLICATE_METHOD_MATCH = YES;
				COPY_PHASE_STRIP = NO;
				DEAD_CODE_STRIPPING = YES;
				DEBUG_INFORMATION_FORMAT = "dwarf-with-dsym";
				ENABLE_NS_ASSERTIONS = NO;
				ENABLE_STRICT_OBJC_MSGSEND = YES;
				ENABLE_USER_SCRIPT_SANDBOXING = YES;
				GCC_C_LANGUAGE_STANDARD = gnu17;
				GCC_NO_COMMON_BLOCKS = YES;
				GCC_WARN_64_TO_32_BIT_CONVERSION = YES;
				GCC_WARN_ABOUT_RETURN_TYPE = YES_ERROR;
				GCC_WARN_UNDECLARED_SELECTOR = YES;
				GCC_WARN_UNINITIALIZED_AUTOS = YES_AGGRESSIVE;
				GCC_WARN_UNUSED_FUNCTION = YES;
				GCC_WARN_UNUSED_VARIABLE = YES;
				LOCALIZATION_PREFERS_STRING_CATALOGS = YES;
				MTL_ENABLE_DEBUG_INFO = NO;
				MTL_FAST_MATH = YES;
				SWIFT_COMPILATION_MODE = wholemodule;
				SWIFT_STRICT_CONCURRENCY = minimal;
			};
			name = Release;
		};
		BC7FBE882BDEFE320027A00C /* Debug */ = {
			isa = XCBuildConfiguration;
			buildSettings = {
				ASSETCATALOG_COMPILER_APPICON_NAME = AppIcon;
				ASSETCATALOG_COMPILER_GLOBAL_ACCENT_COLOR_NAME = AccentColor;
				CODE_SIGN_ENTITLEMENTS = TaskForge/Reminder.entitlements;
				CODE_SIGN_IDENTITY = "Apple Development";
				CODE_SIGN_STYLE = Automatic;
				CURRENT_PROJECT_VERSION = 1;
				DEAD_CODE_STRIPPING = YES;
				DEVELOPMENT_ASSET_PATHS = "\"TaskForge/Preview Content\"";
				DEVELOPMENT_TEAM = "";
				ENABLE_HARDENED_RUNTIME = YES;
				ENABLE_PREVIEWS = YES;
				GENERATE_INFOPLIST_FILE = YES;
				INFOPLIST_FILE = "Task-Forge-Info.plist";
				"INFOPLIST_KEY_UIApplicationSceneManifest_Generation[sdk=iphoneos*]" = YES;
				"INFOPLIST_KEY_UIApplicationSceneManifest_Generation[sdk=iphonesimulator*]" = YES;
				"INFOPLIST_KEY_UIApplicationSupportsIndirectInputEvents[sdk=iphoneos*]" = YES;
				"INFOPLIST_KEY_UIApplicationSupportsIndirectInputEvents[sdk=iphonesimulator*]" = YES;
				"INFOPLIST_KEY_UILaunchScreen_Generation[sdk=iphoneos*]" = YES;
				"INFOPLIST_KEY_UILaunchScreen_Generation[sdk=iphonesimulator*]" = YES;
				INFOPLIST_KEY_UIStatusBarStyle = "";
				"INFOPLIST_KEY_UIStatusBarStyle[sdk=iphoneos*]" = UIStatusBarStyleDefault;
				"INFOPLIST_KEY_UIStatusBarStyle[sdk=iphonesimulator*]" = UIStatusBarStyleDefault;
				INFOPLIST_KEY_UISupportedInterfaceOrientations_iPad = "UIInterfaceOrientationPortrait UIInterfaceOrientationPortraitUpsideDown UIInterfaceOrientationLandscapeLeft UIInterfaceOrientationLandscapeRight";
				INFOPLIST_KEY_UISupportedInterfaceOrientations_iPhone = "UIInterfaceOrientationPortrait UIInterfaceOrientationLandscapeLeft UIInterfaceOrientationLandscapeRight";
				IPHONEOS_DEPLOYMENT_TARGET = 17.0;
				LD_RUNPATH_SEARCH_PATHS = "@executable_path/Frameworks";
				"LD_RUNPATH_SEARCH_PATHS[sdk=macosx*]" = "@executable_path/../Frameworks";
				MACOSX_DEPLOYMENT_TARGET = 14.4;
				MARKETING_VERSION = 2.0;
				PRODUCT_BUNDLE_IDENTIFIER = CarterHawkins.TaskForge;
				PRODUCT_NAME = "$(TARGET_NAME)";
				PROVISIONING_PROFILE_SPECIFIER = "";
				SDKROOT = auto;
				SUPPORTED_PLATFORMS = "iphoneos iphonesimulator";
				SUPPORTS_MACCATALYST = NO;
				SUPPORTS_MAC_DESIGNED_FOR_IPHONE_IPAD = YES;
				SWIFT_EMIT_LOC_STRINGS = YES;
				SWIFT_STRICT_CONCURRENCY = minimal;
				SWIFT_VERSION = 5.0;
				TARGETED_DEVICE_FAMILY = "1,2";
			};
			name = Debug;
		};
		BC7FBE892BDEFE320027A00C /* Release */ = {
			isa = XCBuildConfiguration;
			buildSettings = {
				ASSETCATALOG_COMPILER_APPICON_NAME = AppIcon;
				ASSETCATALOG_COMPILER_GLOBAL_ACCENT_COLOR_NAME = AccentColor;
				CODE_SIGN_ENTITLEMENTS = TaskForge/Reminder.entitlements;
				CODE_SIGN_IDENTITY = "Apple Development";
				CODE_SIGN_STYLE = Automatic;
				CURRENT_PROJECT_VERSION = 1;
				DEAD_CODE_STRIPPING = YES;
				DEVELOPMENT_ASSET_PATHS = "\"TaskForge/Preview Content\"";
				DEVELOPMENT_TEAM = "";
				ENABLE_HARDENED_RUNTIME = YES;
				ENABLE_PREVIEWS = YES;
				GENERATE_INFOPLIST_FILE = YES;
				INFOPLIST_FILE = "Task-Forge-Info.plist";
				"INFOPLIST_KEY_UIApplicationSceneManifest_Generation[sdk=iphoneos*]" = YES;
				"INFOPLIST_KEY_UIApplicationSceneManifest_Generation[sdk=iphonesimulator*]" = YES;
				"INFOPLIST_KEY_UIApplicationSupportsIndirectInputEvents[sdk=iphoneos*]" = YES;
				"INFOPLIST_KEY_UIApplicationSupportsIndirectInputEvents[sdk=iphonesimulator*]" = YES;
				"INFOPLIST_KEY_UILaunchScreen_Generation[sdk=iphoneos*]" = YES;
				"INFOPLIST_KEY_UILaunchScreen_Generation[sdk=iphonesimulator*]" = YES;
				INFOPLIST_KEY_UIStatusBarStyle = "";
				"INFOPLIST_KEY_UIStatusBarStyle[sdk=iphoneos*]" = UIStatusBarStyleDefault;
				"INFOPLIST_KEY_UIStatusBarStyle[sdk=iphonesimulator*]" = UIStatusBarStyleDefault;
				INFOPLIST_KEY_UISupportedInterfaceOrientations_iPad = "UIInterfaceOrientationPortrait UIInterfaceOrientationPortraitUpsideDown UIInterfaceOrientationLandscapeLeft UIInterfaceOrientationLandscapeRight";
				INFOPLIST_KEY_UISupportedInterfaceOrientations_iPhone = "UIInterfaceOrientationPortrait UIInterfaceOrientationLandscapeLeft UIInterfaceOrientationLandscapeRight";
				IPHONEOS_DEPLOYMENT_TARGET = 17.0;
				LD_RUNPATH_SEARCH_PATHS = "@executable_path/Frameworks";
				"LD_RUNPATH_SEARCH_PATHS[sdk=macosx*]" = "@executable_path/../Frameworks";
				MACOSX_DEPLOYMENT_TARGET = 14.4;
				MARKETING_VERSION = 2.0;
				PRODUCT_BUNDLE_IDENTIFIER = CarterHawkins.TaskForge;
				PRODUCT_NAME = "$(TARGET_NAME)";
				PROVISIONING_PROFILE_SPECIFIER = "";
				SDKROOT = auto;
				SUPPORTED_PLATFORMS = "iphoneos iphonesimulator";
				SUPPORTS_MACCATALYST = NO;
				SUPPORTS_MAC_DESIGNED_FOR_IPHONE_IPAD = YES;
				SWIFT_EMIT_LOC_STRINGS = YES;
				SWIFT_STRICT_CONCURRENCY = minimal;
				SWIFT_VERSION = 5.0;
				TARGETED_DEVICE_FAMILY = "1,2";
			};
			name = Release;
		};
		BCD8AEC12D136711002D98AA /* Debug */ = {
			isa = XCBuildConfiguration;
			buildSettings = {
				BUNDLE_LOADER = "$(TEST_HOST)";
				CODE_SIGN_STYLE = Automatic;
				CURRENT_PROJECT_VERSION = 1;
				DEVELOPMENT_TEAM = DAQW29Z9BC;
				GENERATE_INFOPLIST_FILE = YES;
				IPHONEOS_DEPLOYMENT_TARGET = 18.0;
				MARKETING_VERSION = 1.0;
				PRODUCT_BUNDLE_IDENTIFIER = "Carter.Task-Forge-Tests";
				PRODUCT_NAME = "$(TARGET_NAME)";
				SDKROOT = iphoneos;
				SWIFT_EMIT_LOC_STRINGS = NO;
				SWIFT_VERSION = 5.0;
				TARGETED_DEVICE_FAMILY = "1,2";
				TEST_HOST = "$(BUILT_PRODUCTS_DIR)/Task Forge.app/$(BUNDLE_EXECUTABLE_FOLDER_PATH)/Task Forge";
			};
			name = Debug;
		};
		BCD8AEC22D136711002D98AA /* Release */ = {
			isa = XCBuildConfiguration;
			buildSettings = {
				BUNDLE_LOADER = "$(TEST_HOST)";
				CODE_SIGN_STYLE = Automatic;
				CURRENT_PROJECT_VERSION = 1;
				DEVELOPMENT_TEAM = DAQW29Z9BC;
				GENERATE_INFOPLIST_FILE = YES;
				IPHONEOS_DEPLOYMENT_TARGET = 18.0;
				MARKETING_VERSION = 1.0;
				PRODUCT_BUNDLE_IDENTIFIER = "Carter.Task-Forge-Tests";
				PRODUCT_NAME = "$(TARGET_NAME)";
				SDKROOT = iphoneos;
				SWIFT_EMIT_LOC_STRINGS = NO;
				SWIFT_VERSION = 5.0;
				TARGETED_DEVICE_FAMILY = "1,2";
				TEST_HOST = "$(BUILT_PRODUCTS_DIR)/Task Forge.app/$(BUNDLE_EXECUTABLE_FOLDER_PATH)/Task Forge";
				VALIDATE_PRODUCT = YES;
			};
			name = Release;
		};
/* End XCBuildConfiguration section */

/* Begin XCConfigurationList section */
		BC7FBE732BDEFE300027A00C /* Build configuration list for PBXProject "Task Forge" */ = {
			isa = XCConfigurationList;
			buildConfigurations = (
				BC7FBE852BDEFE320027A00C /* Debug */,
				BC7FBE862BDEFE320027A00C /* Release */,
			);
			defaultConfigurationIsVisible = 0;
			defaultConfigurationName = Release;
		};
		BC7FBE872BDEFE320027A00C /* Build configuration list for PBXNativeTarget "Task Forge" */ = {
			isa = XCConfigurationList;
			buildConfigurations = (
				BC7FBE882BDEFE320027A00C /* Debug */,
				BC7FBE892BDEFE320027A00C /* Release */,
			);
			defaultConfigurationIsVisible = 0;
			defaultConfigurationName = Release;
		};
		BCD8AEC32D136711002D98AA /* Build configuration list for PBXNativeTarget "Task Forge Tests" */ = {
			isa = XCConfigurationList;
			buildConfigurations = (
				BCD8AEC12D136711002D98AA /* Debug */,
				BCD8AEC22D136711002D98AA /* Release */,
			);
			defaultConfigurationIsVisible = 0;
			defaultConfigurationName = Release;
		};
/* End XCConfigurationList section */

/* Begin XCRemoteSwiftPackageReference section */
		BCC0D3092D1CBBB20072A6FB /* XCRemoteSwiftPackageReference "Vortex" */ = {
			isa = XCRemoteSwiftPackageReference;
			repositoryURL = "https://github.com/twostraws/Vortex";
			requirement = {
				kind = upToNextMajorVersion;
				minimumVersion = 1.0.1;
			};
		};
/* End XCRemoteSwiftPackageReference section */

/* Begin XCSwiftPackageProductDependency section */
		BCC0D30C2D1DD63A0072A6FB /* Vortex */ = {
			isa = XCSwiftPackageProductDependency;
			package = BCC0D3092D1CBBB20072A6FB /* XCRemoteSwiftPackageReference "Vortex" */;
			productName = Vortex;
		};
/* End XCSwiftPackageProductDependency section */
	};
	rootObject = BC7FBE702BDEFE300027A00C /* Project object */;
}
